{
  "name": "sample-app",
  "version": "1.0.0",
  "lockfileVersion": 3,
  "requires": true,
  "packages": {
    "": {
      "name": "sample-app",
      "version": "1.0.0",
      "dependencies": {
        "express": "^4.18.2",
        "event-stream": "3.3.6",
        "some-util": "^2.0.0",
        "lodash": "^4.17.21"
      }
    },
    "node_modules/express": { "version": "4.18.2" },
    "node_modules/lodash": { "version": "4.17.21" },
    "node_modules/event-stream": {
      "version": "3.3.6",
      "dependencies": { "flatmap-stream": "0.1.1" }
    },
    "node_modules/flatmap-stream": { "version": "0.1.1" },
    "node_modules/some-util": { "version": "2.0.0" },
    "node_modules/some-util/node_modules/malicious-logger": { "version": "0.2.1" }
  }
}
