{
  "name": "typosquat-victim",
  "version": "1.0.0",
  "lockfileVersion": 3,
  "requires": true,
  "packages": {
    "": {
      "name": "typosquat-victim",
      "version": "1.0.0",
      "dependencies": {
        "crossenv": "^7.0.0",
        "loadsh": "^4.17.0",
        "twilio-npm": "^0.0.1",
        "react": "^18.2.0"
      }
    },
    "node_modules/crossenv": { "version": "7.0.3" },
    "node_modules/loadsh": { "version": "4.17.21" },
    "node_modules/twilio-npm": { "version": "0.0.1" },
    "node_modules/react": { "version": "18.2.0" },
    "node_modules/react-dom": { "version": "18.2.0" }
  }
}
