{
  "name": "hijacked-build",
  "version": "2.3.0",
  "lockfileVersion": 3,
  "requires": true,
  "packages": {
    "": {
      "name": "hijacked-build",
      "version": "2.3.0",
      "dependencies": {
        "webpack": "^5.0.0",
        "eslint": "^8.0.0"
      }
    },
    "node_modules/webpack": { "version": "5.89.0" },
    "node_modules/eslint": { "version": "8.54.0" },
    "node_modules/coa": { "version": "2.0.3" },
    "node_modules/rc": { "version": "1.2.9" },
    "node_modules/nth-check": { "version": "2.1.1" },
    "node_modules/css-select": { "version": "4.3.0" }
  }
}
